
Microsoft Visual Studio Solution File, Format Version 12.00
# Visual Studio Version 17
VisualStudioVersion = 17.13.35825.156
MinimumVisualStudioVersion = 10.0.40219.1
Project("{FAE04EC0-301F-11D3-BF4B-00C04F79EFBC}") = "_4IdiotsInc", "_4IdiotsInc\_4IdiotsInc.csproj", "{E55DC19C-F573-482F-ADC9-1E6132617D8A}"
EndProject
Global
	GlobalSection(SolutionConfigurationPlatforms) = preSolution
		Debug|Any CPU = Debug|Any CPU
		Release|Any CPU = Release|Any CPU
	EndGlobalSection
	GlobalSection(ProjectConfigurationPlatforms) = postSolution
		{E55DC19C-F573-482F-ADC9-1E6132617D8A}.Debug|Any CPU.ActiveCfg = Debug|Any CPU
		{E55DC19C-F573-482F-ADC9-1E6132617D8A}.Debug|Any CPU.Build.0 = Debug|Any CPU
		{E55DC19C-F573-482F-ADC9-1E6132617D8A}.Release|Any CPU.ActiveCfg = Release|Any CPU
		{E55DC19C-F573-482F-ADC9-1E6132617D8A}.Release|Any CPU.Build.0 = Release|Any CPU
	EndGlobalSection
	GlobalSection(SolutionProperties) = preSolution
		HideSolutionNode = FALSE
	EndGlobalSection
	GlobalSection(ExtensibilityGlobals) = postSolution
		SolutionGuid = {FE3EECB0-F553-4D5D-B75F-CCBD9515F77A}
	EndGlobalSection
EndGlobal
